
Microsoft Visual Studio Solution File, Format Version 12.00
# Visual Studio Version 16
VisualStudioVersion = 16.0.28803.452
MinimumVisualStudioVersion = 10.0.40219.1
Project("{FAE04EC0-301F-11D3-BF4B-00C04F79EFBC}") = "Notepad+", "Notepad+\Notepad+.csproj", "{D82EF9A2-2DBA-4313-AB31-F87C8C729AD9}"
EndProject
Global
	GlobalSection(SolutionConfigurationPlatforms) = preSolution
		Debug|Any CPU = Debug|Any CPU
		Release|Any CPU = Release|Any CPU
	EndGlobalSection
	GlobalSection(ProjectConfigurationPlatforms) = postSolution
		{D82EF9A2-2DBA-4313-AB31-F87C8C729AD9}.Debug|Any CPU.ActiveCfg = Debug|Any CPU
		{D82EF9A2-2DBA-4313-AB31-F87C8C729AD9}.Debug|Any CPU.Build.0 = Debug|Any CPU
		{D82EF9A2-2DBA-4313-AB31-F87C8C729AD9}.Release|Any CPU.ActiveCfg = Release|Any CPU
		{D82EF9A2-2DBA-4313-AB31-F87C8C729AD9}.Release|Any CPU.Build.0 = Release|Any CPU
	EndGlobalSection
	GlobalSection(SolutionProperties) = preSolution
		HideSolutionNode = FALSE
	EndGlobalSection
	GlobalSection(ExtensibilityGlobals) = postSolution
		SolutionGuid = {14B11E45-EC56-4454-BDE4-277D34BD03CA}
	EndGlobalSection
EndGlobal
